{
  "name": "npm-automated-login-totp",
  "version": "1.0.0",
  "lockfileVersion": 2,
  "requires": true,
  "packages": {
    "": {
      "name": "npm-automated-login-totp",
      "version": "1.0.0",
      "license": "MIT",
      "dependencies": {
        "colors": "^1.4.0",
        "commander": "^2.19.0",
        "totp-generator": "^0.0.13"
      },
      "bin": {
        "npm-cli-adduser": "index.js"
      }
    },
    "node_modules/colors": {
      "version": "1.4.0",
      "resolved": "https://registry.npmjs.org/colors/-/colors-1.4.0.tgz",
      "integrity": "sha512-a+UqTh4kgZg/SlGvfbzDHpgRu7AAQOmmqRHJnxhRZICKFUT91brVhNNt58CMWU9PsBbv3PDCZUHbVxuDiH2mtA==",
      "engines": {
        "node": ">=0.1.90"
      }
    },
    "node_modules/commander": {
      "version": "2.19.0",
      "resolved": "https://registry.npmjs.org/commander/-/commander-2.19.0.tgz",
      "integrity": "sha512-6tvAOO+D6OENvRAh524Dh9jcfKTYDQAqvqezbCW82xj5X0pSrcpxtvRKHLG0yBY6SD7PSDrJaj+0AiOcKVd1Xg=="
    },
    "node_modules/jssha": {
      "version": "3.2.0",
      "resolved": "https://registry.npmjs.org/jssha/-/jssha-3.2.0.tgz",
      "integrity": "sha512-QuruyBENDWdN4tZwJbQq7/eAK85FqrI4oDbXjy5IBhYD+2pTJyBUWZe8ctWaCkrV0gy6AaelgOZZBMeswEa/6Q==",
      "engines": {
        "node": "*"
      }
    },
    "node_modules/totp-generator": {
      "version": "0.0.13",
      "resolved": "https://registry.npmjs.org/totp-generator/-/totp-generator-0.0.13.tgz",
      "integrity": "sha512-/Sg4eXvaLfaXNJJWv/OLPQm1GVKQXOe6mbDNXFBRZdYnaN9iY6Grk6uPYLph9MDn+cGn6GLNaqpak34jfu1CQQ==",
      "dependencies": {
        "jssha": "^3.1.2"
      }
    }
  },
  "dependencies": {
    "colors": {
      "version": "1.4.0",
      "resolved": "https://registry.npmjs.org/colors/-/colors-1.4.0.tgz",
      "integrity": "sha512-a+UqTh4kgZg/SlGvfbzDHpgRu7AAQOmmqRHJnxhRZICKFUT91brVhNNt58CMWU9PsBbv3PDCZUHbVxuDiH2mtA=="
    },
    "commander": {
      "version": "2.19.0",
      "resolved": "https://registry.npmjs.org/commander/-/commander-2.19.0.tgz",
      "integrity": "sha512-6tvAOO+D6OENvRAh524Dh9jcfKTYDQAqvqezbCW82xj5X0pSrcpxtvRKHLG0yBY6SD7PSDrJaj+0AiOcKVd1Xg=="
    },
    "jssha": {
      "version": "3.2.0",
      "resolved": "https://registry.npmjs.org/jssha/-/jssha-3.2.0.tgz",
      "integrity": "sha512-QuruyBENDWdN4tZwJbQq7/eAK85FqrI4oDbXjy5IBhYD+2pTJyBUWZe8ctWaCkrV0gy6AaelgOZZBMeswEa/6Q=="
    },
    "totp-generator": {
      "version": "0.0.13",
      "resolved": "https://registry.npmjs.org/totp-generator/-/totp-generator-0.0.13.tgz",
      "integrity": "sha512-/Sg4eXvaLfaXNJJWv/OLPQm1GVKQXOe6mbDNXFBRZdYnaN9iY6Grk6uPYLph9MDn+cGn6GLNaqpak34jfu1CQQ==",
      "requires": {
        "jssha": "^3.1.2"
      }
    }
  }
}
